
Microsoft Visual Studio Solution File, Format Version 12.00
# Visual Studio Version 16
VisualStudioVersion = 16.0.29806.167
MinimumVisualStudioVersion = 10.0.40219.1
Project("{FAE04EC0-301F-11D3-BF4B-00C04F79EFBC}") = "Soccer.Common", "Soccer.Common\Soccer.Common.csproj", "{4AC3F371-3610-4DEF-BD17-55BC002BA9A2}"
EndProject
Project("{FAE04EC0-301F-11D3-BF4B-00C04F79EFBC}") = "Soccer.Web", "Soccer.Web\Soccer.Web.csproj", "{A6D07E5D-11EE-44A6-A064-91168128BE5D}"
EndProject
Project("{FAE04EC0-301F-11D3-BF4B-00C04F79EFBC}") = "Soccer.Prism", "Soccer.Prism\Soccer.Prism\Soccer.Prism.csproj", "{B49C7FBE-6940-4F0B-A36D-1F8B4775AF4A}"
EndProject
Project("{FAE04EC0-301F-11D3-BF4B-00C04F79EFBC}") = "Soccer.Prism.Android", "Soccer.Prism\Soccer.Prism.Android\Soccer.Prism.Android.csproj", "{FFD07B89-21D9-4F63-86A8-AB5BADF8759E}"
EndProject
Project("{FAE04EC0-301F-11D3-BF4B-00C04F79EFBC}") = "Soccer.Prism.iOS", "Soccer.Prism\Soccer.Prism.iOS\Soccer.Prism.iOS.csproj", "{EBEB01F1-EC83-465D-8BB1-E18BCAA830A0}"
EndProject
Project("{FAE04EC0-301F-11D3-BF4B-00C04F79EFBC}") = "Soccer.Cross.Android", "Soccer.Cross.Android\Soccer.Cross.Android.csproj", "{695E1E5E-2EF6-4B36-A974-7B026CE3ECE6}"
EndProject
Global
	GlobalSection(SolutionConfigurationPlatforms) = preSolution
		Ad-Hoc|Any CPU = Ad-Hoc|Any CPU
		Ad-Hoc|iPhone = Ad-Hoc|iPhone
		Ad-Hoc|iPhoneSimulator = Ad-Hoc|iPhoneSimulator
		AppStore|Any CPU = AppStore|Any CPU
		AppStore|iPhone = AppStore|iPhone
		AppStore|iPhoneSimulator = AppStore|iPhoneSimulator
		Debug|Any CPU = Debug|Any CPU
		Debug|iPhone = Debug|iPhone
		Debug|iPhoneSimulator = Debug|iPhoneSimulator
		Release|Any CPU = Release|Any CPU
		Release|iPhone = Release|iPhone
		Release|iPhoneSimulator = Release|iPhoneSimulator
	EndGlobalSection
	GlobalSection(ProjectConfigurationPlatforms) = postSolution
		{4AC3F371-3610-4DEF-BD17-55BC002BA9A2}.Ad-Hoc|Any CPU.ActiveCfg = Debug|Any CPU
		{4AC3F371-3610-4DEF-BD17-55BC002BA9A2}.Ad-Hoc|Any CPU.Build.0 = Debug|Any CPU
		{4AC3F371-3610-4DEF-BD17-55BC002BA9A2}.Ad-Hoc|iPhone.ActiveCfg = Debug|Any CPU
		{4AC3F371-3610-4DEF-BD17-55BC002BA9A2}.Ad-Hoc|iPhone.Build.0 = Debug|Any CPU
		{4AC3F371-3610-4DEF-BD17-55BC002BA9A2}.Ad-Hoc|iPhoneSimulator.ActiveCfg = Debug|Any CPU
		{4AC3F371-3610-4DEF-BD17-55BC002BA9A2}.Ad-Hoc|iPhoneSimulator.Build.0 = Debug|Any CPU
		{4AC3F371-3610-4DEF-BD17-55BC002BA9A2}.AppStore|Any CPU.ActiveCfg = Debug|Any CPU
		{4AC3F371-3610-4DEF-BD17-55BC002BA9A2}.AppStore|Any CPU.Build.0 = Debug|Any CPU
		{4AC3F371-3610-4DEF-BD17-55BC002BA9A2}.AppStore|iPhone.ActiveCfg = Debug|Any CPU
		{4AC3F371-3610-4DEF-BD17-55BC002BA9A2}.AppStore|iPhone.Build.0 = Debug|Any CPU
		{4AC3F371-3610-4DEF-BD17-55BC002BA9A2}.AppStore|iPhoneSimulator.ActiveCfg = Debug|Any CPU
		{4AC3F371-3610-4DEF-BD17-55BC002BA9A2}.AppStore|iPhoneSimulator.Build.0 = Debug|Any CPU
		{4AC3F371-3610-4DEF-BD17-55BC002BA9A2}.Debug|Any CPU.ActiveCfg = Debug|Any CPU
		{4AC3F371-3610-4DEF-BD17-55BC002BA9A2}.Debug|Any CPU.Build.0 = Debug|Any CPU
		{4AC3F371-3610-4DEF-BD17-55BC002BA9A2}.Debug|iPhone.ActiveCfg = Debug|Any CPU
		{4AC3F371-3610-4DEF-BD17-55BC002BA9A2}.Debug|iPhone.Build.0 = Debug|Any CPU
		{4AC3F371-3610-4DEF-BD17-55BC002BA9A2}.Debug|iPhoneSimulator.ActiveCfg = Debug|Any CPU
		{4AC3F371-3610-4DEF-BD17-55BC002BA9A2}.Debug|iPhoneSimulator.Build.0 = Debug|Any CPU
		{4AC3F371-3610-4DEF-BD17-55BC002BA9A2}.Release|Any CPU.ActiveCfg = Release|Any CPU
		{4AC3F371-3610-4DEF-BD17-55BC002BA9A2}.Release|Any CPU.Build.0 = Release|Any CPU
		{4AC3F371-3610-4DEF-BD17-55BC002BA9A2}.Release|iPhone.ActiveCfg = Release|Any CPU
		{4AC3F371-3610-4DEF-BD17-55BC002BA9A2}.Release|iPhone.Build.0 = Release|Any CPU
		{4AC3F371-3610-4DEF-BD17-55BC002BA9A2}.Release|iPhoneSimulator.ActiveCfg = Release|Any CPU
		{4AC3F371-3610-4DEF-BD17-55BC002BA9A2}.Release|iPhoneSimulator.Build.0 = Release|Any CPU
		{A6D07E5D-11EE-44A6-A064-91168128BE5D}.Ad-Hoc|Any CPU.ActiveCfg = Debug|Any CPU
		{A6D07E5D-11EE-44A6-A064-91168128BE5D}.Ad-Hoc|Any CPU.Build.0 = Debug|Any CPU
		{A6D07E5D-11EE-44A6-A064-91168128BE5D}.Ad-Hoc|iPhone.ActiveCfg = Debug|Any CPU
		{A6D07E5D-11EE-44A6-A064-91168128BE5D}.Ad-Hoc|iPhone.Build.0 = Debug|Any CPU
		{A6D07E5D-11EE-44A6-A064-91168128BE5D}.Ad-Hoc|iPhoneSimulator.ActiveCfg = Debug|Any CPU
		{A6D07E5D-11EE-44A6-A064-91168128BE5D}.Ad-Hoc|iPhoneSimulator.Build.0 = Debug|Any CPU
		{A6D07E5D-11EE-44A6-A064-91168128BE5D}.AppStore|Any CPU.ActiveCfg = Debug|Any CPU
		{A6D07E5D-11EE-44A6-A064-91168128BE5D}.AppStore|Any CPU.Build.0 = Debug|Any CPU
		{A6D07E5D-11EE-44A6-A064-91168128BE5D}.AppStore|iPhone.ActiveCfg = Debug|Any CPU
		{A6D07E5D-11EE-44A6-A064-91168128BE5D}.AppStore|iPhone.Build.0 = Debug|Any CPU
		{A6D07E5D-11EE-44A6-A064-91168128BE5D}.AppStore|iPhoneSimulator.ActiveCfg = Debug|Any CPU
		{A6D07E5D-11EE-44A6-A064-91168128BE5D}.AppStore|iPhoneSimulator.Build.0 = Debug|Any CPU
		{A6D07E5D-11EE-44A6-A064-91168128BE5D}.Debug|Any CPU.ActiveCfg = Debug|Any CPU
		{A6D07E5D-11EE-44A6-A064-91168128BE5D}.Debug|Any CPU.Build.0 = Debug|Any CPU
		{A6D07E5D-11EE-44A6-A064-91168128BE5D}.Debug|iPhone.ActiveCfg = Debug|Any CPU
		{A6D07E5D-11EE-44A6-A064-91168128BE5D}.Debug|iPhone.Build.0 = Debug|Any CPU
		{A6D07E5D-11EE-44A6-A064-91168128BE5D}.Debug|iPhoneSimulator.ActiveCfg = Debug|Any CPU
		{A6D07E5D-11EE-44A6-A064-91168128BE5D}.Debug|iPhoneSimulator.Build.0 = Debug|Any CPU
		{A6D07E5D-11EE-44A6-A064-91168128BE5D}.Release|Any CPU.ActiveCfg = Release|Any CPU
		{A6D07E5D-11EE-44A6-A064-91168128BE5D}.Release|Any CPU.Build.0 = Release|Any CPU
		{A6D07E5D-11EE-44A6-A064-91168128BE5D}.Release|iPhone.ActiveCfg = Release|Any CPU
		{A6D07E5D-11EE-44A6-A064-91168128BE5D}.Release|iPhone.Build.0 = Release|Any CPU
		{A6D07E5D-11EE-44A6-A064-91168128BE5D}.Release|iPhoneSimulator.ActiveCfg = Release|Any CPU
		{A6D07E5D-11EE-44A6-A064-91168128BE5D}.Release|iPhoneSimulator.Build.0 = Release|Any CPU
		{B49C7FBE-6940-4F0B-A36D-1F8B4775AF4A}.Ad-Hoc|Any CPU.ActiveCfg = Debug|Any CPU
		{B49C7FBE-6940-4F0B-A36D-1F8B4775AF4A}.Ad-Hoc|Any CPU.Build.0 = Debug|Any CPU
		{B49C7FBE-6940-4F0B-A36D-1F8B4775AF4A}.Ad-Hoc|iPhone.ActiveCfg = Debug|Any CPU
		{B49C7FBE-6940-4F0B-A36D-1F8B4775AF4A}.Ad-Hoc|iPhone.Build.0 = Debug|Any CPU
		{B49C7FBE-6940-4F0B-A36D-1F8B4775AF4A}.Ad-Hoc|iPhoneSimulator.ActiveCfg = Debug|Any CPU
		{B49C7FBE-6940-4F0B-A36D-1F8B4775AF4A}.Ad-Hoc|iPhoneSimulator.Build.0 = Debug|Any CPU
		{B49C7FBE-6940-4F0B-A36D-1F8B4775AF4A}.AppStore|Any CPU.ActiveCfg = Debug|Any CPU
		{B49C7FBE-6940-4F0B-A36D-1F8B4775AF4A}.AppStore|Any CPU.Build.0 = Debug|Any CPU
		{B49C7FBE-6940-4F0B-A36D-1F8B4775AF4A}.AppStore|iPhone.ActiveCfg = Debug|Any CPU
		{B49C7FBE-6940-4F0B-A36D-1F8B4775AF4A}.AppStore|iPhone.Build.0 = Debug|Any CPU
		{B49C7FBE-6940-4F0B-A36D-1F8B4775AF4A}.AppStore|iPhoneSimulator.ActiveCfg = Debug|Any CPU
		{B49C7FBE-6940-4F0B-A36D-1F8B4775AF4A}.AppStore|iPhoneSimulator.Build.0 = Debug|Any CPU
		{B49C7FBE-6940-4F0B-A36D-1F8B4775AF4A}.Debug|Any CPU.ActiveCfg = Debug|Any CPU
		{B49C7FBE-6940-4F0B-A36D-1F8B4775AF4A}.Debug|Any CPU.Build.0 = Debug|Any CPU
		{B49C7FBE-6940-4F0B-A36D-1F8B4775AF4A}.Debug|iPhone.ActiveCfg = Debug|Any CPU
		{B49C7FBE-6940-4F0B-A36D-1F8B4775AF4A}.Debug|iPhone.Build.0 = Debug|Any CPU
		{B49C7FBE-6940-4F0B-A36D-1F8B4775AF4A}.Debug|iPhoneSimulator.ActiveCfg = Debug|Any CPU
		{B49C7FBE-6940-4F0B-A36D-1F8B4775AF4A}.Debug|iPhoneSimulator.Build.0 = Debug|Any CPU
		{B49C7FBE-6940-4F0B-A36D-1F8B4775AF4A}.Release|Any CPU.ActiveCfg = Release|Any CPU
		{B49C7FBE-6940-4F0B-A36D-1F8B4775AF4A}.Release|Any CPU.Build.0 = Release|Any CPU
		{B49C7FBE-6940-4F0B-A36D-1F8B4775AF4A}.Release|iPhone.ActiveCfg = Release|Any CPU
		{B49C7FBE-6940-4F0B-A36D-1F8B4775AF4A}.Release|iPhone.Build.0 = Release|Any CPU
		{B49C7FBE-6940-4F0B-A36D-1F8B4775AF4A}.Release|iPhoneSimulator.ActiveCfg = Release|Any CPU
		{B49C7FBE-6940-4F0B-A36D-1F8B4775AF4A}.Release|iPhoneSimulator.Build.0 = Release|Any CPU
		{FFD07B89-21D9-4F63-86A8-AB5BADF8759E}.Ad-Hoc|Any CPU.ActiveCfg = Release|Any CPU
		{FFD07B89-21D9-4F63-86A8-AB5BADF8759E}.Ad-Hoc|Any CPU.Build.0 = Release|Any CPU
		{FFD07B89-21D9-4F63-86A8-AB5BADF8759E}.Ad-Hoc|Any CPU.Deploy.0 = Release|Any CPU
		{FFD07B89-21D9-4F63-86A8-AB5BADF8759E}.Ad-Hoc|iPhone.ActiveCfg = Release|Any CPU
		{FFD07B89-21D9-4F63-86A8-AB5BADF8759E}.Ad-Hoc|iPhone.Build.0 = Release|Any CPU
		{FFD07B89-21D9-4F63-86A8-AB5BADF8759E}.Ad-Hoc|iPhone.Deploy.0 = Release|Any CPU
		{FFD07B89-21D9-4F63-86A8-AB5BADF8759E}.Ad-Hoc|iPhoneSimulator.ActiveCfg = Release|Any CPU
		{FFD07B89-21D9-4F63-86A8-AB5BADF8759E}.Ad-Hoc|iPhoneSimulator.Build.0 = Release|Any CPU
		{FFD07B89-21D9-4F63-86A8-AB5BADF8759E}.Ad-Hoc|iPhoneSimulator.Deploy.0 = Release|Any CPU
		{FFD07B89-21D9-4F63-86A8-AB5BADF8759E}.AppStore|Any CPU.ActiveCfg = Release|Any CPU
		{FFD07B89-21D9-4F63-86A8-AB5BADF8759E}.AppStore|Any CPU.Build.0 = Release|Any CPU
		{FFD07B89-21D9-4F63-86A8-AB5BADF8759E}.AppStore|Any CPU.Deploy.0 = Release|Any CPU
		{FFD07B89-21D9-4F63-86A8-AB5BADF8759E}.AppStore|iPhone.ActiveCfg = Release|Any CPU
		{FFD07B89-21D9-4F63-86A8-AB5BADF8759E}.AppStore|iPhone.Build.0 = Release|Any CPU
		{FFD07B89-21D9-4F63-86A8-AB5BADF8759E}.AppStore|iPhone.Deploy.0 = Release|Any CPU
		{FFD07B89-21D9-4F63-86A8-AB5BADF8759E}.AppStore|iPhoneSimulator.ActiveCfg = Release|Any CPU
		{FFD07B89-21D9-4F63-86A8-AB5BADF8759E}.AppStore|iPhoneSimulator.Build.0 = Release|Any CPU
		{FFD07B89-21D9-4F63-86A8-AB5BADF8759E}.AppStore|iPhoneSimulator.Deploy.0 = Release|Any CPU
		{FFD07B89-21D9-4F63-86A8-AB5BADF8759E}.Debug|Any CPU.ActiveCfg = Debug|Any CPU
		{FFD07B89-21D9-4F63-86A8-AB5BADF8759E}.Debug|Any CPU.Build.0 = Debug|Any CPU
		{FFD07B89-21D9-4F63-86A8-AB5BADF8759E}.Debug|Any CPU.Deploy.0 = Debug|Any CPU
		{FFD07B89-21D9-4F63-86A8-AB5BADF8759E}.Debug|iPhone.ActiveCfg = Debug|Any CPU
		{FFD07B89-21D9-4F63-86A8-AB5BADF8759E}.Debug|iPhone.Build.0 = Debug|Any CPU
		{FFD07B89-21D9-4F63-86A8-AB5BADF8759E}.Debug|iPhone.Deploy.0 = Debug|Any CPU
		{FFD07B89-21D9-4F63-86A8-AB5BADF8759E}.Debug|iPhoneSimulator.ActiveCfg = Debug|Any CPU
		{FFD07B89-21D9-4F63-86A8-AB5BADF8759E}.Debug|iPhoneSimulator.Build.0 = Debug|Any CPU
		{FFD07B89-21D9-4F63-86A8-AB5BADF8759E}.Debug|iPhoneSimulator.Deploy.0 = Debug|Any CPU
		{FFD07B89-21D9-4F63-86A8-AB5BADF8759E}.Release|Any CPU.ActiveCfg = Release|Any CPU
		{FFD07B89-21D9-4F63-86A8-AB5BADF8759E}.Release|Any CPU.Build.0 = Release|Any CPU
		{FFD07B89-21D9-4F63-86A8-AB5BADF8759E}.Release|Any CPU.Deploy.0 = Release|Any CPU
		{FFD07B89-21D9-4F63-86A8-AB5BADF8759E}.Release|iPhone.ActiveCfg = Release|Any CPU
		{FFD07B89-21D9-4F63-86A8-AB5BADF8759E}.Release|iPhone.Build.0 = Release|Any CPU
		{FFD07B89-21D9-4F63-86A8-AB5BADF8759E}.Release|iPhone.Deploy.0 = Release|Any CPU
		{FFD07B89-21D9-4F63-86A8-AB5BADF8759E}.Release|iPhoneSimulator.ActiveCfg = Release|Any CPU
		{FFD07B89-21D9-4F63-86A8-AB5BADF8759E}.Release|iPhoneSimulator.Build.0 = Release|Any CPU
		{FFD07B89-21D9-4F63-86A8-AB5BADF8759E}.Release|iPhoneSimulator.Deploy.0 = Release|Any CPU
		{EBEB01F1-EC83-465D-8BB1-E18BCAA830A0}.Ad-Hoc|Any CPU.ActiveCfg = Ad-Hoc|iPhone
		{EBEB01F1-EC83-465D-8BB1-E18BCAA830A0}.Ad-Hoc|iPhone.ActiveCfg = Ad-Hoc|iPhone
		{EBEB01F1-EC83-465D-8BB1-E18BCAA830A0}.Ad-Hoc|iPhone.Build.0 = Ad-Hoc|iPhone
		{EBEB01F1-EC83-465D-8BB1-E18BCAA830A0}.Ad-Hoc|iPhoneSimulator.ActiveCfg = Ad-Hoc|iPhoneSimulator
		{EBEB01F1-EC83-465D-8BB1-E18BCAA830A0}.Ad-Hoc|iPhoneSimulator.Build.0 = Ad-Hoc|iPhoneSimulator
		{EBEB01F1-EC83-465D-8BB1-E18BCAA830A0}.AppStore|Any CPU.ActiveCfg = AppStore|iPhone
		{EBEB01F1-EC83-465D-8BB1-E18BCAA830A0}.AppStore|iPhone.ActiveCfg = AppStore|iPhone
		{EBEB01F1-EC83-465D-8BB1-E18BCAA830A0}.AppStore|iPhone.Build.0 = AppStore|iPhone
		{EBEB01F1-EC83-465D-8BB1-E18BCAA830A0}.AppStore|iPhoneSimulator.ActiveCfg = AppStore|iPhoneSimulator
		{EBEB01F1-EC83-465D-8BB1-E18BCAA830A0}.AppStore|iPhoneSimulator.Build.0 = AppStore|iPhoneSimulator
		{EBEB01F1-EC83-465D-8BB1-E18BCAA830A0}.Debug|Any CPU.ActiveCfg = Debug|iPhone
		{EBEB01F1-EC83-465D-8BB1-E18BCAA830A0}.Debug|iPhone.ActiveCfg = Debug|iPhone
		{EBEB01F1-EC83-465D-8BB1-E18BCAA830A0}.Debug|iPhone.Build.0 = Debug|iPhone
		{EBEB01F1-EC83-465D-8BB1-E18BCAA830A0}.Debug|iPhoneSimulator.ActiveCfg = Debug|iPhoneSimulator
		{EBEB01F1-EC83-465D-8BB1-E18BCAA830A0}.Debug|iPhoneSimulator.Build.0 = Debug|iPhoneSimulator
		{EBEB01F1-EC83-465D-8BB1-E18BCAA830A0}.Release|Any CPU.ActiveCfg = Release|iPhone
		{EBEB01F1-EC83-465D-8BB1-E18BCAA830A0}.Release|iPhone.ActiveCfg = Release|iPhone
		{EBEB01F1-EC83-465D-8BB1-E18BCAA830A0}.Release|iPhone.Build.0 = Release|iPhone
		{EBEB01F1-EC83-465D-8BB1-E18BCAA830A0}.Release|iPhoneSimulator.ActiveCfg = Release|iPhoneSimulator
		{EBEB01F1-EC83-465D-8BB1-E18BCAA830A0}.Release|iPhoneSimulator.Build.0 = Release|iPhoneSimulator
		{695E1E5E-2EF6-4B36-A974-7B026CE3ECE6}.Ad-Hoc|Any CPU.ActiveCfg = Release|Any CPU
		{695E1E5E-2EF6-4B36-A974-7B026CE3ECE6}.Ad-Hoc|Any CPU.Build.0 = Release|Any CPU
		{695E1E5E-2EF6-4B36-A974-7B026CE3ECE6}.Ad-Hoc|Any CPU.Deploy.0 = Release|Any CPU
		{695E1E5E-2EF6-4B36-A974-7B026CE3ECE6}.Ad-Hoc|iPhone.ActiveCfg = Release|Any CPU
		{695E1E5E-2EF6-4B36-A974-7B026CE3ECE6}.Ad-Hoc|iPhone.Build.0 = Release|Any CPU
		{695E1E5E-2EF6-4B36-A974-7B026CE3ECE6}.Ad-Hoc|iPhone.Deploy.0 = Release|Any CPU
		{695E1E5E-2EF6-4B36-A974-7B026CE3ECE6}.Ad-Hoc|iPhoneSimulator.ActiveCfg = Release|Any CPU
		{695E1E5E-2EF6-4B36-A974-7B026CE3ECE6}.Ad-Hoc|iPhoneSimulator.Build.0 = Release|Any CPU
		{695E1E5E-2EF6-4B36-A974-7B026CE3ECE6}.Ad-Hoc|iPhoneSimulator.Deploy.0 = Release|Any CPU
		{695E1E5E-2EF6-4B36-A974-7B026CE3ECE6}.AppStore|Any CPU.ActiveCfg = Release|Any CPU
		{695E1E5E-2EF6-4B36-A974-7B026CE3ECE6}.AppStore|Any CPU.Build.0 = Release|Any CPU
		{695E1E5E-2EF6-4B36-A974-7B026CE3ECE6}.AppStore|Any CPU.Deploy.0 = Release|Any CPU
		{695E1E5E-2EF6-4B36-A974-7B026CE3ECE6}.AppStore|iPhone.ActiveCfg = Release|Any CPU
		{695E1E5E-2EF6-4B36-A974-7B026CE3ECE6}.AppStore|iPhone.Build.0 = Release|Any CPU
		{695E1E5E-2EF6-4B36-A974-7B026CE3ECE6}.AppStore|iPhone.Deploy.0 = Release|Any CPU
		{695E1E5E-2EF6-4B36-A974-7B026CE3ECE6}.AppStore|iPhoneSimulator.ActiveCfg = Release|Any CPU
		{695E1E5E-2EF6-4B36-A974-7B026CE3ECE6}.AppStore|iPhoneSimulator.Build.0 = Release|Any CPU
		{695E1E5E-2EF6-4B36-A974-7B026CE3ECE6}.AppStore|iPhoneSimulator.Deploy.0 = Release|Any CPU
		{695E1E5E-2EF6-4B36-A974-7B026CE3ECE6}.Debug|Any CPU.ActiveCfg = Debug|Any CPU
		{695E1E5E-2EF6-4B36-A974-7B026CE3ECE6}.Debug|Any CPU.Build.0 = Debug|Any CPU
		{695E1E5E-2EF6-4B36-A974-7B026CE3ECE6}.Debug|Any CPU.Deploy.0 = Debug|Any CPU
		{695E1E5E-2EF6-4B36-A974-7B026CE3ECE6}.Debug|iPhone.ActiveCfg = Debug|Any CPU
		{695E1E5E-2EF6-4B36-A974-7B026CE3ECE6}.Debug|iPhone.Build.0 = Debug|Any CPU
		{695E1E5E-2EF6-4B36-A974-7B026CE3ECE6}.Debug|iPhone.Deploy.0 = Debug|Any CPU
		{695E1E5E-2EF6-4B36-A974-7B026CE3ECE6}.Debug|iPhoneSimulator.ActiveCfg = Debug|Any CPU
		{695E1E5E-2EF6-4B36-A974-7B026CE3ECE6}.Debug|iPhoneSimulator.Build.0 = Debug|Any CPU
		{695E1E5E-2EF6-4B36-A974-7B026CE3ECE6}.Debug|iPhoneSimulator.Deploy.0 = Debug|Any CPU
		{695E1E5E-2EF6-4B36-A974-7B026CE3ECE6}.Release|Any CPU.ActiveCfg = Release|Any CPU
		{695E1E5E-2EF6-4B36-A974-7B026CE3ECE6}.Release|Any CPU.Build.0 = Release|Any CPU
		{695E1E5E-2EF6-4B36-A974-7B026CE3ECE6}.Release|Any CPU.Deploy.0 = Release|Any CPU
		{695E1E5E-2EF6-4B36-A974-7B026CE3ECE6}.Release|iPhone.ActiveCfg = Release|Any CPU
		{695E1E5E-2EF6-4B36-A974-7B026CE3ECE6}.Release|iPhone.Build.0 = Release|Any CPU
		{695E1E5E-2EF6-4B36-A974-7B026CE3ECE6}.Release|iPhone.Deploy.0 = Release|Any CPU
		{695E1E5E-2EF6-4B36-A974-7B026CE3ECE6}.Release|iPhoneSimulator.ActiveCfg = Release|Any CPU
		{695E1E5E-2EF6-4B36-A974-7B026CE3ECE6}.Release|iPhoneSimulator.Build.0 = Release|Any CPU
		{695E1E5E-2EF6-4B36-A974-7B026CE3ECE6}.Release|iPhoneSimulator.Deploy.0 = Release|Any CPU
	EndGlobalSection
	GlobalSection(SolutionProperties) = preSolution
		HideSolutionNode = FALSE
	EndGlobalSection
	GlobalSection(ExtensibilityGlobals) = postSolution
		SolutionGuid = {42FF4083-07DD-43CB-B48A-9EE3FF4284CD}
	EndGlobalSection
EndGlobal
